// !$*UTF8*$!
{
	archiveVersion = 1;
	classes = {
	};
	objectVersion = 50;
	objects = {

/* Begin PBXBuildFile section */
		F425826421422515002E793E /* main.m in Sources */ = {isa = PBXBuildFile; fileRef = F425826321422515002E793E /* main.m */; };
		F425826D214225FC002E793E /* TwoSum.m in Sources */ = {isa = PBXBuildFile; fileRef = F425826C214225FC002E793E /* TwoSum.m */; };
		F4470DF321425FAF00E9B9F9 /* ReverseInteger.m in Sources */ = {isa = PBXBuildFile; fileRef = F4470DF221425FAF00E9B9F9 /* ReverseInteger.m */; };
		F4470DF7214261D600E9B9F9 /* PalindromeNumber.m in Sources */ = {isa = PBXBuildFile; fileRef = F4470DF6214261D600E9B9F9 /* PalindromeNumber.m */; };
		F4470DFC2142695D00E9B9F9 /* RomanToInteger.m in Sources */ = {isa = PBXBuildFile; fileRef = F4470DFB2142695D00E9B9F9 /* RomanToInteger.m */; };
		F4470E00214272BA00E9B9F9 /* LongestCommonPrefix.m in Sources */ = {isa = PBXBuildFile; fileRef = F4470DFF214272BA00E9B9F9 /* LongestCommonPrefix.m */; };
/* End PBXBuildFile section */

/* Begin PBXCopyFilesBuildPhase section */
		F425825E21422515002E793E /* CopyFiles */ = {
			isa = PBXCopyFilesBuildPhase;
			buildActionMask = 2147483647;
			dstPath = /usr/share/man/man1/;
			dstSubfolderSpec = 0;
			files = (
			);
			runOnlyForDeploymentPostprocessing = 1;
		};
/* End PBXCopyFilesBuildPhase section */

/* Begin PBXFileReference section */
		F425826021422515002E793E /* Leetcode */ = {isa = PBXFileReference; explicitFileType = "compiled.mach-o.executable"; includeInIndex = 0; path = Leetcode; sourceTree = BUILT_PRODUCTS_DIR; };
		F425826321422515002E793E /* main.m */ = {isa = PBXFileReference; lastKnownFileType = sourcecode.c.objc; path = main.m; sourceTree = "<group>"; };
		F425826B214225FC002E793E /* TwoSum.h */ = {isa = PBXFileReference; lastKnownFileType = sourcecode.c.h; path = TwoSum.h; sourceTree = "<group>"; };
		F425826C214225FC002E793E /* TwoSum.m */ = {isa = PBXFileReference; lastKnownFileType = sourcecode.c.objc; path = TwoSum.m; sourceTree = "<group>"; };
		F4470DF121425FAF00E9B9F9 /* ReverseInteger.h */ = {isa = PBXFileReference; fileEncoding = 4; lastKnownFileType = sourcecode.c.h; path = ReverseInteger.h; sourceTree = "<group>"; };
		F4470DF221425FAF00E9B9F9 /* ReverseInteger.m */ = {isa = PBXFileReference; fileEncoding = 4; lastKnownFileType = sourcecode.c.objc; path = ReverseInteger.m; sourceTree = "<group>"; };
		F4470DF5214261D600E9B9F9 /* PalindromeNumber.h */ = {isa = PBXFileReference; lastKnownFileType = sourcecode.c.h; path = PalindromeNumber.h; sourceTree = "<group>"; };
		F4470DF6214261D600E9B9F9 /* PalindromeNumber.m */ = {isa = PBXFileReference; lastKnownFileType = sourcecode.c.objc; path = PalindromeNumber.m; sourceTree = "<group>"; };
		F4470DF82142663800E9B9F9 /* Header.h */ = {isa = PBXFileReference; lastKnownFileType = sourcecode.c.h; path = Header.h; sourceTree = "<group>"; };
		F4470DFA2142695D00E9B9F9 /* RomanToInteger.h */ = {isa = PBXFileReference; lastKnownFileType = sourcecode.c.h; path = RomanToInteger.h; sourceTree = "<group>"; };
		F4470DFB2142695D00E9B9F9 /* RomanToInteger.m */ = {isa = PBXFileReference; lastKnownFileType = sourcecode.c.objc; path = RomanToInteger.m; sourceTree = "<group>"; };
		F4470DFE214272BA00E9B9F9 /* LongestCommonPrefix.h */ = {isa = PBXFileReference; lastKnownFileType = sourcecode.c.h; path = LongestCommonPrefix.h; sourceTree = "<group>"; };
		F4470DFF214272BA00E9B9F9 /* LongestCommonPrefix.m */ = {isa = PBXFileReference; lastKnownFileType = sourcecode.c.objc; path = LongestCommonPrefix.m; sourceTree = "<group>"; };
/* End PBXFileReference section */

/* Begin PBXFrameworksBuildPhase section */
		F425825D21422515002E793E /* Frameworks */ = {
			isa = PBXFrameworksBuildPhase;
			buildActionMask = 2147483647;
			files = (
			);
			runOnlyForDeploymentPostprocessing = 0;
		};
/* End PBXFrameworksBuildPhase section */

/* Begin PBXGroup section */
		F425825721422515002E793E = {
			isa = PBXGroup;
			children = (
				F425826221422515002E793E /* Leetcode */,
				F425826121422515002E793E /* Products */,
			);
			sourceTree = "<group>";
		};
		F425826121422515002E793E /* Products */ = {
			isa = PBXGroup;
			children = (
				F425826021422515002E793E /* Leetcode */,
			);
			name = Products;
			sourceTree = "<group>";
		};
		F425826221422515002E793E /* Leetcode */ = {
			isa = PBXGroup;
			children = (
				F425826A21422568002E793E /* Easy_1 */,
				F4470DF021425FAF00E9B9F9 /* Easy_7 */,
				F4470DF4214261BC00E9B9F9 /* Easy_9 */,
				F4470DF92142694600E9B9F9 /* Easy_13 */,
				F4470DFD214272AA00E9B9F9 /* Easy_14 */,
				F4470DF82142663800E9B9F9 /* Header.h */,
				F425826321422515002E793E /* main.m */,
			);
			path = Leetcode;
			sourceTree = "<group>";
		};
		F425826A21422568002E793E /* Easy_1 */ = {
			isa = PBXGroup;
			children = (
				F425826B214225FC002E793E /* TwoSum.h */,
				F425826C214225FC002E793E /* TwoSum.m */,
			);
			path = Easy_1;
			sourceTree = "<group>";
		};
		F4470DF021425FAF00E9B9F9 /* Easy_7 */ = {
			isa = PBXGroup;
			children = (
				F4470DF121425FAF00E9B9F9 /* ReverseInteger.h */,
				F4470DF221425FAF00E9B9F9 /* ReverseInteger.m */,
			);
			path = Easy_7;
			sourceTree = "<group>";
		};
		F4470DF4214261BC00E9B9F9 /* Easy_9 */ = {
			isa = PBXGroup;
			children = (
				F4470DF5214261D600E9B9F9 /* PalindromeNumber.h */,
				F4470DF6214261D600E9B9F9 /* PalindromeNumber.m */,
			);
			path = Easy_9;
			sourceTree = "<group>";
		};
		F4470DF92142694600E9B9F9 /* Easy_13 */ = {
			isa = PBXGroup;
			children = (
				F4470DFA2142695D00E9B9F9 /* RomanToInteger.h */,
				F4470DFB2142695D00E9B9F9 /* RomanToInteger.m */,
			);
			path = Easy_13;
			sourceTree = "<group>";
		};
		F4470DFD214272AA00E9B9F9 /* Easy_14 */ = {
			isa = PBXGroup;
			children = (
				F4470DFE214272BA00E9B9F9 /* LongestCommonPrefix.h */,
				F4470DFF214272BA00E9B9F9 /* LongestCommonPrefix.m */,
			);
			path = Easy_14;
			sourceTree = "<group>";
		};
/* End PBXGroup section */

/* Begin PBXNativeTarget section */
		F425825F21422515002E793E /* Leetcode */ = {
			isa = PBXNativeTarget;
			buildConfigurationList = F425826721422515002E793E /* Build configuration list for PBXNativeTarget "Leetcode" */;
			buildPhases = (
				F425825C21422515002E793E /* Sources */,
				F425825D21422515002E793E /* Frameworks */,
				F425825E21422515002E793E /* CopyFiles */,
			);
			buildRules = (
			);
			dependencies = (
			);
			name = Leetcode;
			productName = Leetcode;
			productReference = F425826021422515002E793E /* Leetcode */;
			productType = "com.apple.product-type.tool";
		};
/* End PBXNativeTarget section */

/* Begin PBXProject section */
		F425825821422515002E793E /* Project object */ = {
			isa = PBXProject;
			attributes = {
				LastUpgradeCheck = 0940;
				ORGANIZATIONNAME = meaven;
				TargetAttributes = {
					F425825F21422515002E793E = {
						CreatedOnToolsVersion = 9.4.1;
					};
				};
			};
			buildConfigurationList = F425825B21422515002E793E /* Build configuration list for PBXProject "Leetcode" */;
			compatibilityVersion = "Xcode 9.3";
			developmentRegion = en;
			hasScannedForEncodings = 0;
			knownRegions = (
				en,
			);
			mainGroup = F425825721422515002E793E;
			productRefGroup = F425826121422515002E793E /* Products */;
			projectDirPath = "";
			projectRoot = "";
			targets = (
				F425825F21422515002E793E /* Leetcode */,
			);
		};
/* End PBXProject section */

/* Begin PBXSourcesBuildPhase section */
		F425825C21422515002E793E /* Sources */ = {
			isa = PBXSourcesBuildPhase;
			buildActionMask = 2147483647;
			files = (
				F425826D214225FC002E793E /* TwoSum.m in Sources */,
				F4470DFC2142695D00E9B9F9 /* RomanToInteger.m in Sources */,
				F4470DF7214261D600E9B9F9 /* PalindromeNumber.m in Sources */,
				F4470E00214272BA00E9B9F9 /* LongestCommonPrefix.m in Sources */,
				F425826421422515002E793E /* main.m in Sources */,
				F4470DF321425FAF00E9B9F9 /* ReverseInteger.m in Sources */,
			);
			runOnlyForDeploymentPostprocessing = 0;
		};
/* End PBXSourcesBuildPhase section */

/* Begin XCBuildConfiguration section */
		F425826521422515002E793E /* Debug */ = {
			isa = XCBuildConfiguration;
			buildSettings = {
				ALWAYS_SEARCH_USER_PATHS = NO;
				CLANG_ANALYZER_NONNULL = YES;
				CLANG_ANALYZER_NUMBER_OBJECT_CONVERSION = YES_AGGRESSIVE;
				CLANG_CXX_LANGUAGE_STANDARD = "gnu++14";
				CLANG_CXX_LIBRARY = "libc++";
				CLANG_ENABLE_MODULES = YES;
				CLANG_ENABLE_OBJC_ARC = YES;
				CLANG_ENABLE_OBJC_WEAK = YES;
				CLANG_WARN_BLOCK_CAPTURE_AUTORELEASING = YES;
				CLANG_WARN_BOOL_CONVERSION = YES;
				CLANG_WARN_COMMA = YES;
				CLANG_WARN_CONSTANT_CONVERSION = YES;
				CLANG_WARN_DEPRECATED_OBJC_IMPLEMENTATIONS = YES;
				CLANG_WARN_DIRECT_OBJC_ISA_USAGE = YES_ERROR;
				CLANG_WARN_DOCUMENTATION_COMMENTS = YES;
				CLANG_WARN_EMPTY_BODY = YES;
				CLANG_WARN_ENUM_CONVERSION = YES;
				CLANG_WARN_INFINITE_RECURSION = YES;
				CLANG_WARN_INT_CONVERSION = YES;
				CLANG_WARN_NON_LITERAL_NULL_CONVERSION = YES;
				CLANG_WARN_OBJC_IMPLICIT_RETAIN_SELF = YES;
				CLANG_WARN_OBJC_LITERAL_CONVERSION = YES;
				CLANG_WARN_OBJC_ROOT_CLASS = YES_ERROR;
				CLANG_WARN_RANGE_LOOP_ANALYSIS = YES;
				CLANG_WARN_STRICT_PROTOTYPES = YES;
				CLANG_WARN_SUSPICIOUS_MOVE = YES;
				CLANG_WARN_UNGUARDED_AVAILABILITY = YES_AGGRESSIVE;
				CLANG_WARN_UNREACHABLE_CODE = YES;
				CLANG_WARN__DUPLICATE_METHOD_MATCH = YES;
				CODE_SIGN_IDENTITY = "-";
				COPY_PHASE_STRIP = NO;
				DEBUG_INFORMATION_FORMAT = dwarf;
				ENABLE_STRICT_OBJC_MSGSEND = YES;
				ENABLE_TESTABILITY = YES;
				GCC_C_LANGUAGE_STANDARD = gnu11;
				GCC_DYNAMIC_NO_PIC = NO;
				GCC_NO_COMMON_BLOCKS = YES;
				GCC_OPTIMIZATION_LEVEL = 0;
				GCC_PREPROCESSOR_DEFINITIONS = (
					"DEBUG=1",
					"$(inherited)",
				);
				GCC_WARN_64_TO_32_BIT_CONVERSION = YES;
				GCC_WARN_ABOUT_RETURN_TYPE = YES_ERROR;
				GCC_WARN_UNDECLARED_SELECTOR = YES;
				GCC_WARN_UNINITIALIZED_AUTOS = YES_AGGRESSIVE;
				GCC_WARN_UNUSED_FUNCTION = YES;
				GCC_WARN_UNUSED_VARIABLE = YES;
				MACOSX_DEPLOYMENT_TARGET = 10.13;
				MTL_ENABLE_DEBUG_INFO = YES;
				ONLY_ACTIVE_ARCH = YES;
				SDKROOT = macosx;
			};
			name = Debug;
		};
		F425826621422515002E793E /* Release */ = {
			isa = XCBuildConfiguration;
			buildSettings = {
				ALWAYS_SEARCH_USER_PATHS = NO;
				CLANG_ANALYZER_NONNULL = YES;
				CLANG_ANALYZER_NUMBER_OBJECT_CONVERSION = YES_AGGRESSIVE;
				CLANG_CXX_LANGUAGE_STANDARD = "gnu++14";
				CLANG_CXX_LIBRARY = "libc++";
				CLANG_ENABLE_MODULES = YES;
				CLANG_ENABLE_OBJC_ARC = YES;
				CLANG_ENABLE_OBJC_WEAK = YES;
				CLANG_WARN_BLOCK_CAPTURE_AUTORELEASING = YES;
				CLANG_WARN_BOOL_CONVERSION = YES;
				CLANG_WARN_COMMA = YES;
				CLANG_WARN_CONSTANT_CONVERSION = YES;
				CLANG_WARN_DEPRECATED_OBJC_IMPLEMENTATIONS = YES;
				CLANG_WARN_DIRECT_OBJC_ISA_USAGE = YES_ERROR;
				CLANG_WARN_DOCUMENTATION_COMMENTS = YES;
				CLANG_WARN_EMPTY_BODY = YES;
				CLANG_WARN_ENUM_CONVERSION = YES;
				CLANG_WARN_INFINITE_RECURSION = YES;
				CLANG_WARN_INT_CONVERSION = YES;
				CLANG_WARN_NON_LITERAL_NULL_CONVERSION = YES;
				CLANG_WARN_OBJC_IMPLICIT_RETAIN_SELF = YES;
				CLANG_WARN_OBJC_LITERAL_CONVERSION = YES;
				CLANG_WARN_OBJC_ROOT_CLASS = YES_ERROR;
				CLANG_WARN_RANGE_LOOP_ANALYSIS = YES;
				CLANG_WARN_STRICT_PROTOTYPES = YES;
				CLANG_WARN_SUSPICIOUS_MOVE = YES;
				CLANG_WARN_UNGUARDED_AVAILABILITY = YES_AGGRESSIVE;
				CLANG_WARN_UNREACHABLE_CODE = YES;
				CLANG_WARN__DUPLICATE_METHOD_MATCH = YES;
				CODE_SIGN_IDENTITY = "-";
				COPY_PHASE_STRIP = NO;
				DEBUG_INFORMATION_FORMAT = "dwarf-with-dsym";
				ENABLE_NS_ASSERTIONS = NO;
				ENABLE_STRICT_OBJC_MSGSEND = YES;
				GCC_C_LANGUAGE_STANDARD = gnu11;
				GCC_NO_COMMON_BLOCKS = YES;
				GCC_WARN_64_TO_32_BIT_CONVERSION = YES;
				GCC_WARN_ABOUT_RETURN_TYPE = YES_ERROR;
				GCC_WARN_UNDECLARED_SELECTOR = YES;
				GCC_WARN_UNINITIALIZED_AUTOS = YES_AGGRESSIVE;
				GCC_WARN_UNUSED_FUNCTION = YES;
				GCC_WARN_UNUSED_VARIABLE = YES;
				MACOSX_DEPLOYMENT_TARGET = 10.13;
				MTL_ENABLE_DEBUG_INFO = NO;
				SDKROOT = macosx;
			};
			name = Release;
		};
		F425826821422515002E793E /* Debug */ = {
			isa = XCBuildConfiguration;
			buildSettings = {
				CODE_SIGN_STYLE = Automatic;
				PRODUCT_NAME = "$(TARGET_NAME)";
			};
			name = Debug;
		};
		F425826921422515002E793E /* Release */ = {
			isa = XCBuildConfiguration;
			buildSettings = {
				CODE_SIGN_STYLE = Automatic;
				PRODUCT_NAME = "$(TARGET_NAME)";
			};
			name = Release;
		};
/* End XCBuildConfiguration section */

/* Begin XCConfigurationList section */
		F425825B21422515002E793E /* Build configuration list for PBXProject "Leetcode" */ = {
			isa = XCConfigurationList;
			buildConfigurations = (
				F425826521422515002E793E /* Debug */,
				F425826621422515002E793E /* Release */,
			);
			defaultConfigurationIsVisible = 0;
			defaultConfigurationName = Release;
		};
		F425826721422515002E793E /* Build configuration list for PBXNativeTarget "Leetcode" */ = {
			isa = XCConfigurationList;
			buildConfigurations = (
				F425826821422515002E793E /* Debug */,
				F425826921422515002E793E /* Release */,
			);
			defaultConfigurationIsVisible = 0;
			defaultConfigurationName = Release;
		};
/* End XCConfigurationList section */
	};
	rootObject = F425825821422515002E793E /* Project object */;
}
